
Microsoft Visual Studio Solution File, Format Version 12.00
# Visual Studio Version 16
VisualStudioVersion = 16.0.31129.286
MinimumVisualStudioVersion = 10.0.40219.1
Project("{FAE04EC0-301F-11D3-BF4B-00C04F79EFBC}") = "CoopSettingTool.App", "CoopSettingTool.App\CoopSettingTool.App.csproj", "{400786B7-83EA-4707-9D6E-FE3C292E51E2}"
EndProject
Project("{FAE04EC0-301F-11D3-BF4B-00C04F79EFBC}") = "CoopSettingTool.Log", "CoopSettingTool.LogHelper\CoopSettingTool.Log.csproj", "{56C0FE55-0AB2-4443-BA0A-872B3802EE0F}"
EndProject
Project("{FAE04EC0-301F-11D3-BF4B-00C04F79EFBC}") = "CoopSettingTool.Service", "CoopSettingTool.Service\CoopSettingTool.Service.csproj", "{298ABF82-DED2-4923-90C5-61F7F5C78D94}"
EndProject
Project("{54435603-DBB4-11D2-8724-00A0C9A8B90C}") = "CoopSettingToolSetup", "CoopSettingToolSetup\CoopSettingToolSetup.vdproj", "{3EA4A218-116A-47B8-A530-8DD978054F20}"
EndProject
Project("{930C7802-8A8C-48F9-8165-68863BCCD9DD}") = "CoopSettingToolSetupWix", "CoopSettingToolSetupWix\CoopSettingToolSetupWix.wixproj", "{FA37E210-8C94-4D05-B6E3-123456789017}"
EndProject
Global
	GlobalSection(SolutionConfigurationPlatforms) = preSolution
		Debug|Any CPU = Debug|Any CPU
		Release|Any CPU = Release|Any CPU
	EndGlobalSection
	GlobalSection(ProjectConfigurationPlatforms) = postSolution
		{400786B7-83EA-4707-9D6E-FE3C292E51E2}.Debug|Any CPU.ActiveCfg = Debug|Any CPU
		{400786B7-83EA-4707-9D6E-FE3C292E51E2}.Debug|Any CPU.Build.0 = Debug|Any CPU
		{400786B7-83EA-4707-9D6E-FE3C292E51E2}.Release|Any CPU.ActiveCfg = Release|Any CPU
		{400786B7-83EA-4707-9D6E-FE3C292E51E2}.Release|Any CPU.Build.0 = Release|Any CPU
		{56C0FE55-0AB2-4443-BA0A-872B3802EE0F}.Debug|Any CPU.ActiveCfg = Debug|Any CPU
		{56C0FE55-0AB2-4443-BA0A-872B3802EE0F}.Debug|Any CPU.Build.0 = Debug|Any CPU
		{56C0FE55-0AB2-4443-BA0A-872B3802EE0F}.Release|Any CPU.ActiveCfg = Release|Any CPU
		{56C0FE55-0AB2-4443-BA0A-872B3802EE0F}.Release|Any CPU.Build.0 = Release|Any CPU
		{298ABF82-DED2-4923-90C5-61F7F5C78D94}.Debug|Any CPU.ActiveCfg = Debug|Any CPU
		{298ABF82-DED2-4923-90C5-61F7F5C78D94}.Debug|Any CPU.Build.0 = Debug|Any CPU
		{298ABF82-DED2-4923-90C5-61F7F5C78D94}.Release|Any CPU.ActiveCfg = Release|Any CPU
		{298ABF82-DED2-4923-90C5-61F7F5C78D94}.Release|Any CPU.Build.0 = Release|Any CPU
		{3EA4A218-116A-47B8-A530-8DD978054F20}.Debug|Any CPU.ActiveCfg = Debug
		{3EA4A218-116A-47B8-A530-8DD978054F20}.Release|Any CPU.ActiveCfg = Release
		{FA37E210-8C94-4D05-B6E3-123456789017}.Debug|Any CPU.ActiveCfg = Debug|x86
		{FA37E210-8C94-4D05-B6E3-123456789017}.Release|Any CPU.ActiveCfg = Release|x86
	EndGlobalSection
	GlobalSection(SolutionProperties) = preSolution
		HideSolutionNode = FALSE
	EndGlobalSection
	GlobalSection(ExtensibilityGlobals) = postSolution
		SolutionGuid = {C403F82F-95B2-4DC5-ABCC-3CB0AEC219D0}
	EndGlobalSection
EndGlobal
