
Microsoft Visual Studio Solution File, Format Version 10.00
# Visual Studio 2008
Project("{FAE04EC0-301F-11D3-BF4B-00C04F79EFBC}") = "CSICoopPatientRcvSchedulerStd", "CSICoopPatientRcvSchedulerStd.csproj", "{B2AD2A19-EA06-46C5-9D00-FBDEB4AA1865}"
EndProject
Global
	GlobalSection(SourceCodeControl) = preSolution
		SccNumberOfProjects = 2
		SccLocalPath0 = .
		SccProjectUniqueName1 = CSICoopPatientRcvSchedulerStd.csproj
		SccLocalPath1 = .
	EndGlobalSection
	GlobalSection(SolutionConfigurationPlatforms) = preSolution
		Debug|Any CPU = Debug|Any CPU
		Release|Any CPU = Release|Any CPU
	EndGlobalSection
	GlobalSection(ProjectConfigurationPlatforms) = postSolution
		{B2AD2A19-EA06-46C5-9D00-FBDEB4AA1865}.Debug|Any CPU.ActiveCfg = Debug|Any CPU
		{B2AD2A19-EA06-46C5-9D00-FBDEB4AA1865}.Debug|Any CPU.Build.0 = Debug|Any CPU
		{B2AD2A19-EA06-46C5-9D00-FBDEB4AA1865}.Release|Any CPU.ActiveCfg = Release|Any CPU
		{B2AD2A19-EA06-46C5-9D00-FBDEB4AA1865}.Release|Any CPU.Build.0 = Release|Any CPU
	EndGlobalSection
	GlobalSection(SolutionProperties) = preSolution
		HideSolutionNode = FALSE
	EndGlobalSection
EndGlobal
