
Microsoft Visual Studio Solution File, Format Version 12.00
# Visual Studio Version 16
VisualStudioVersion = 16.0.30907.101
MinimumVisualStudioVersion = 10.0.40219.1
Project("{FAE04EC0-301F-11D3-BF4B-00C04F79EFBC}") = "FNSiCSIService", "FNSiCSIService\FNSiCSIService.csproj", "{1ABCFD25-1AFA-4C85-9BD1-D42E4DDF841F}"
EndProject
Project("{FAE04EC0-301F-11D3-BF4B-00C04F79EFBC}") = "FNSiCSILogic", "FNSiCSILogic\FNSiCSILogic.csproj", "{E8FB03FD-A120-4D9B-A369-7C4F9224766D}"
EndProject
Project("{FAE04EC0-301F-11D3-BF4B-00C04F79EFBC}") = "CoopComPlugIn", "CoopComPlugIn\CoopComPlugIn.csproj", "{2E45ECF9-33A2-4FD6-A1CE-CCDD1A6FC55B}"
EndProject
Project("{54435603-DBB4-11D2-8724-00A0C9A8B90C}") = "FNSiCSIServiceSetup", "FNSiCSIServiceSetup\FNSiCSIServiceSetup.vdproj", "{E3CAC095-F293-4EB2-B4B5-27B5F3FD6CBC}"
EndProject
Project("{930C7802-8A8C-48F9-8165-68863BCCD9DD}") = "FNSiCSIServiceSetupWix", "FNSiCSIServiceSetupWix\FNSiCSIServiceSetupWix.wixproj", "{FA37E210-8C94-4D05-B6E3-123456789018}"
EndProject
Global
	GlobalSection(SolutionConfigurationPlatforms) = preSolution
		Debug|Any CPU = Debug|Any CPU
		Debug|x86 = Debug|x86
		Release|Any CPU = Release|Any CPU
		Release|x86 = Release|x86
	EndGlobalSection
	GlobalSection(ProjectConfigurationPlatforms) = postSolution
		{1ABCFD25-1AFA-4C85-9BD1-D42E4DDF841F}.Debug|Any CPU.ActiveCfg = Debug|Any CPU
		{1ABCFD25-1AFA-4C85-9BD1-D42E4DDF841F}.Debug|Any CPU.Build.0 = Debug|Any CPU
		{1ABCFD25-1AFA-4C85-9BD1-D42E4DDF841F}.Debug|x86.ActiveCfg = Debug|Any CPU
		{1ABCFD25-1AFA-4C85-9BD1-D42E4DDF841F}.Debug|x86.Build.0 = Debug|Any CPU
		{1ABCFD25-1AFA-4C85-9BD1-D42E4DDF841F}.Release|Any CPU.ActiveCfg = Release|Any CPU
		{1ABCFD25-1AFA-4C85-9BD1-D42E4DDF841F}.Release|Any CPU.Build.0 = Release|Any CPU
		{1ABCFD25-1AFA-4C85-9BD1-D42E4DDF841F}.Release|x86.ActiveCfg = Release|Any CPU
		{1ABCFD25-1AFA-4C85-9BD1-D42E4DDF841F}.Release|x86.Build.0 = Release|Any CPU
		{E8FB03FD-A120-4D9B-A369-7C4F9224766D}.Debug|Any CPU.ActiveCfg = Debug|Any CPU
		{E8FB03FD-A120-4D9B-A369-7C4F9224766D}.Debug|Any CPU.Build.0 = Debug|Any CPU
		{E8FB03FD-A120-4D9B-A369-7C4F9224766D}.Debug|x86.ActiveCfg = Debug|Any CPU
		{E8FB03FD-A120-4D9B-A369-7C4F9224766D}.Debug|x86.Build.0 = Debug|Any CPU
		{E8FB03FD-A120-4D9B-A369-7C4F9224766D}.Release|Any CPU.ActiveCfg = Release|Any CPU
		{E8FB03FD-A120-4D9B-A369-7C4F9224766D}.Release|Any CPU.Build.0 = Release|Any CPU
		{E8FB03FD-A120-4D9B-A369-7C4F9224766D}.Release|x86.ActiveCfg = Release|Any CPU
		{E8FB03FD-A120-4D9B-A369-7C4F9224766D}.Release|x86.Build.0 = Release|Any CPU
		{2E45ECF9-33A2-4FD6-A1CE-CCDD1A6FC55B}.Debug|Any CPU.ActiveCfg = Debug|Any CPU
		{2E45ECF9-33A2-4FD6-A1CE-CCDD1A6FC55B}.Debug|Any CPU.Build.0 = Debug|Any CPU
		{2E45ECF9-33A2-4FD6-A1CE-CCDD1A6FC55B}.Debug|x86.ActiveCfg = Debug|x86
		{2E45ECF9-33A2-4FD6-A1CE-CCDD1A6FC55B}.Debug|x86.Build.0 = Debug|x86
		{2E45ECF9-33A2-4FD6-A1CE-CCDD1A6FC55B}.Release|Any CPU.ActiveCfg = Release|Any CPU
		{2E45ECF9-33A2-4FD6-A1CE-CCDD1A6FC55B}.Release|Any CPU.Build.0 = Release|Any CPU
		{2E45ECF9-33A2-4FD6-A1CE-CCDD1A6FC55B}.Release|x86.ActiveCfg = Release|x86
		{2E45ECF9-33A2-4FD6-A1CE-CCDD1A6FC55B}.Release|x86.Build.0 = Release|x86
		{E3CAC095-F293-4EB2-B4B5-27B5F3FD6CBC}.Debug|Any CPU.ActiveCfg = Debug
		{E3CAC095-F293-4EB2-B4B5-27B5F3FD6CBC}.Debug|x86.ActiveCfg = Debug
		{E3CAC095-F293-4EB2-B4B5-27B5F3FD6CBC}.Release|Any CPU.ActiveCfg = Release
		{E3CAC095-F293-4EB2-B4B5-27B5F3FD6CBC}.Release|x86.ActiveCfg = Release
		{FA37E210-8C94-4D05-B6E3-123456789018}.Debug|Any CPU.ActiveCfg = Debug|x86
		{FA37E210-8C94-4D05-B6E3-123456789018}.Debug|x86.ActiveCfg = Debug|x86
		{FA37E210-8C94-4D05-B6E3-123456789018}.Release|Any CPU.ActiveCfg = Release|x86
		{FA37E210-8C94-4D05-B6E3-123456789018}.Release|x86.ActiveCfg = Release|x86
	EndGlobalSection
	GlobalSection(SolutionProperties) = preSolution
		HideSolutionNode = FALSE
	EndGlobalSection
	GlobalSection(ExtensibilityGlobals) = postSolution
		SolutionGuid = {ECE2C458-C58D-489D-BF4B-4DCEB48B4957}
	EndGlobalSection
EndGlobal
