Microsoft Visual Studio Solution File, Format Version 12.00
# Visual Studio Version 16
VisualStudioVersion = 16.0.29806.167
MinimumVisualStudioVersion = 10.0.40219.1
Project("{FAE04EC0-301F-11D3-BF4B-00C04F79EFBC}") = "ComDialysisDevice", "ComDialysisDevice\ComDialysisDevice.csproj", "{5B4D09F5-AD65-4D4B-89B3-8FC043504092}"
EndProject
Project("{FAE04EC0-301F-11D3-BF4B-00C04F79EFBC}") = "BloodPurify", "BloodPurify\BloodPurify.csproj", "{5CEA00A8-3C51-4BE2-AC59-1B04C838BD7E}"
EndProject
Project("{FAE04EC0-301F-11D3-BF4B-00C04F79EFBC}") = "SignInLib", "..\P2045ReportApp\SignInLib\SignInLib.csproj", "{2751AAD6-21F5-4AE5-ACC7-2C4767980A30}"
EndProject
Project("{FAE04EC0-301F-11D3-BF4B-00C04F79EFBC}") = "NKKCommon", "..\NKKWeight\Source\NKKCommon\NKKCommon.csproj", "{9E38647A-227C-4570-8E08-6BD25D0E3154}"
EndProject
Project("{FAE04EC0-301F-11D3-BF4B-00C04F79EFBC}") = "LayoutDesignerUtilityLib", "..\P2045ReportApp\LayoutDesignerUtility\LayoutDesignerUtilityLib.csproj", "{C141AEBA-CFCE-4149-ABED-E58BDFDA67D4}"
EndProject
Project("{FAE04EC0-301F-11D3-BF4B-00C04F79EFBC}") = "TcpSocket", "TcpSocket\TcpSocket.csproj", "{966B65D7-3D59-4A7E-A51B-8A645070951B}"
EndProject
Project("{54435603-DBB4-11D2-8724-00A0C9A8B90C}") = "BloodPurifySetup", "BloodPurifySetup\BloodPurifySetup.vdproj", "{1E477C98-21DD-47E9-B96B-7DC66E1F0093}"
EndProject
Project("{930C7802-8A8C-48F9-8165-68863BCCD9DD}") = "BloodPurifySetupWix", "BloodPurifySetupWix\BloodPurifySetupWix.wixproj", "{FA37E210-8C94-4D05-B6E3-123456789014}"
EndProject
Global
	GlobalSection(SolutionConfigurationPlatforms) = preSolution
		Debug|Any CPU = Debug|Any CPU
		Debug|x86 = Debug|x86
		Release(CSI_2008R2)|Any CPU = Release(CSI_2008R2)|Any CPU
		Release(CSI_2008R2)|x86 = Release(CSI_2008R2)|x86
		Release|Any CPU = Release|Any CPU
		Release|x86 = Release|x86
	EndGlobalSection
	GlobalSection(ProjectConfigurationPlatforms) = postSolution
		{5B4D09F5-AD65-4D4B-89B3-8FC043504092}.Debug|Any CPU.ActiveCfg = Debug|Any CPU
		{5B4D09F5-AD65-4D4B-89B3-8FC043504092}.Debug|Any CPU.Build.0 = Debug|Any CPU
		{5B4D09F5-AD65-4D4B-89B3-8FC043504092}.Debug|x86.ActiveCfg = Debug|Any CPU
		{5B4D09F5-AD65-4D4B-89B3-8FC043504092}.Debug|x86.Build.0 = Debug|Any CPU
		{5B4D09F5-AD65-4D4B-89B3-8FC043504092}.Release(CSI_2008R2)|Any CPU.ActiveCfg = Release|Any CPU
		{5B4D09F5-AD65-4D4B-89B3-8FC043504092}.Release(CSI_2008R2)|Any CPU.Build.0 = Release|Any CPU
		{5B4D09F5-AD65-4D4B-89B3-8FC043504092}.Release(CSI_2008R2)|x86.ActiveCfg = Release|Any CPU
		{5B4D09F5-AD65-4D4B-89B3-8FC043504092}.Release(CSI_2008R2)|x86.Build.0 = Release|Any CPU
		{5B4D09F5-AD65-4D4B-89B3-8FC043504092}.Release|Any CPU.ActiveCfg = Release|Any CPU
		{5B4D09F5-AD65-4D4B-89B3-8FC043504092}.Release|Any CPU.Build.0 = Release|Any CPU
		{5B4D09F5-AD65-4D4B-89B3-8FC043504092}.Release|x86.ActiveCfg = Release|Any CPU
		{5B4D09F5-AD65-4D4B-89B3-8FC043504092}.Release|x86.Build.0 = Release|Any CPU
		{5CEA00A8-3C51-4BE2-AC59-1B04C838BD7E}.Debug|Any CPU.ActiveCfg = Debug|Any CPU
		{5CEA00A8-3C51-4BE2-AC59-1B04C838BD7E}.Debug|Any CPU.Build.0 = Debug|Any CPU
		{5CEA00A8-3C51-4BE2-AC59-1B04C838BD7E}.Debug|x86.ActiveCfg = Debug|Any CPU
		{5CEA00A8-3C51-4BE2-AC59-1B04C838BD7E}.Debug|x86.Build.0 = Debug|Any CPU
		{5CEA00A8-3C51-4BE2-AC59-1B04C838BD7E}.Release(CSI_2008R2)|Any CPU.ActiveCfg = Release|Any CPU
		{5CEA00A8-3C51-4BE2-AC59-1B04C838BD7E}.Release(CSI_2008R2)|Any CPU.Build.0 = Release|Any CPU
		{5CEA00A8-3C51-4BE2-AC59-1B04C838BD7E}.Release(CSI_2008R2)|x86.ActiveCfg = Release|Any CPU
		{5CEA00A8-3C51-4BE2-AC59-1B04C838BD7E}.Release(CSI_2008R2)|x86.Build.0 = Release|Any CPU
		{5CEA00A8-3C51-4BE2-AC59-1B04C838BD7E}.Release|Any CPU.ActiveCfg = Release|Any CPU
		{5CEA00A8-3C51-4BE2-AC59-1B04C838BD7E}.Release|Any CPU.Build.0 = Release|Any CPU
		{5CEA00A8-3C51-4BE2-AC59-1B04C838BD7E}.Release|x86.ActiveCfg = Release|Any CPU
		{5CEA00A8-3C51-4BE2-AC59-1B04C838BD7E}.Release|x86.Build.0 = Release|Any CPU
		{2751AAD6-21F5-4AE5-ACC7-2C4767980A30}.Debug|Any CPU.ActiveCfg = Debug|Any CPU
		{2751AAD6-21F5-4AE5-ACC7-2C4767980A30}.Debug|Any CPU.Build.0 = Debug|Any CPU
		{2751AAD6-21F5-4AE5-ACC7-2C4767980A30}.Debug|x86.ActiveCfg = Debug|Any CPU
		{2751AAD6-21F5-4AE5-ACC7-2C4767980A30}.Debug|x86.Build.0 = Debug|Any CPU
		{2751AAD6-21F5-4AE5-ACC7-2C4767980A30}.Release(CSI_2008R2)|Any CPU.ActiveCfg = Release|Any CPU
		{2751AAD6-21F5-4AE5-ACC7-2C4767980A30}.Release(CSI_2008R2)|Any CPU.Build.0 = Release|Any CPU
		{2751AAD6-21F5-4AE5-ACC7-2C4767980A30}.Release(CSI_2008R2)|x86.ActiveCfg = Release|Any CPU
		{2751AAD6-21F5-4AE5-ACC7-2C4767980A30}.Release(CSI_2008R2)|x86.Build.0 = Release|Any CPU
		{2751AAD6-21F5-4AE5-ACC7-2C4767980A30}.Release|Any CPU.ActiveCfg = Release|Any CPU
		{2751AAD6-21F5-4AE5-ACC7-2C4767980A30}.Release|Any CPU.Build.0 = Release|Any CPU
		{2751AAD6-21F5-4AE5-ACC7-2C4767980A30}.Release|x86.ActiveCfg = Release|Any CPU
		{2751AAD6-21F5-4AE5-ACC7-2C4767980A30}.Release|x86.Build.0 = Release|Any CPU
		{9E38647A-227C-4570-8E08-6BD25D0E3154}.Debug|Any CPU.ActiveCfg = Debug|Any CPU
		{9E38647A-227C-4570-8E08-6BD25D0E3154}.Debug|Any CPU.Build.0 = Debug|Any CPU
		{9E38647A-227C-4570-8E08-6BD25D0E3154}.Debug|x86.ActiveCfg = Debug|Any CPU
		{9E38647A-227C-4570-8E08-6BD25D0E3154}.Debug|x86.Build.0 = Debug|Any CPU
		{9E38647A-227C-4570-8E08-6BD25D0E3154}.Release(CSI_2008R2)|Any CPU.ActiveCfg = Release|Any CPU
		{9E38647A-227C-4570-8E08-6BD25D0E3154}.Release(CSI_2008R2)|Any CPU.Build.0 = Release|Any CPU
		{9E38647A-227C-4570-8E08-6BD25D0E3154}.Release(CSI_2008R2)|x86.ActiveCfg = Release|Any CPU
		{9E38647A-227C-4570-8E08-6BD25D0E3154}.Release(CSI_2008R2)|x86.Build.0 = Release|Any CPU
		{9E38647A-227C-4570-8E08-6BD25D0E3154}.Release|Any CPU.ActiveCfg = Release|Any CPU
		{9E38647A-227C-4570-8E08-6BD25D0E3154}.Release|Any CPU.Build.0 = Release|Any CPU
		{9E38647A-227C-4570-8E08-6BD25D0E3154}.Release|x86.ActiveCfg = Release|Any CPU
		{9E38647A-227C-4570-8E08-6BD25D0E3154}.Release|x86.Build.0 = Release|Any CPU
		{C141AEBA-CFCE-4149-ABED-E58BDFDA67D4}.Debug|Any CPU.ActiveCfg = Debug|Any CPU
		{C141AEBA-CFCE-4149-ABED-E58BDFDA67D4}.Debug|Any CPU.Build.0 = Debug|Any CPU
		{C141AEBA-CFCE-4149-ABED-E58BDFDA67D4}.Debug|x86.ActiveCfg = Debug|Any CPU
		{C141AEBA-CFCE-4149-ABED-E58BDFDA67D4}.Debug|x86.Build.0 = Debug|Any CPU
		{C141AEBA-CFCE-4149-ABED-E58BDFDA67D4}.Release(CSI_2008R2)|Any CPU.ActiveCfg = Release|Any CPU
		{C141AEBA-CFCE-4149-ABED-E58BDFDA67D4}.Release(CSI_2008R2)|Any CPU.Build.0 = Release|Any CPU
		{C141AEBA-CFCE-4149-ABED-E58BDFDA67D4}.Release(CSI_2008R2)|x86.ActiveCfg = Release|Any CPU
		{C141AEBA-CFCE-4149-ABED-E58BDFDA67D4}.Release(CSI_2008R2)|x86.Build.0 = Release|Any CPU
		{C141AEBA-CFCE-4149-ABED-E58BDFDA67D4}.Release|Any CPU.ActiveCfg = Release|Any CPU
		{C141AEBA-CFCE-4149-ABED-E58BDFDA67D4}.Release|Any CPU.Build.0 = Release|Any CPU
		{C141AEBA-CFCE-4149-ABED-E58BDFDA67D4}.Release|x86.ActiveCfg = Release|Any CPU
		{C141AEBA-CFCE-4149-ABED-E58BDFDA67D4}.Release|x86.Build.0 = Release|Any CPU
		{966B65D7-3D59-4A7E-A51B-8A645070951B}.Debug|Any CPU.ActiveCfg = Debug|Any CPU
		{966B65D7-3D59-4A7E-A51B-8A645070951B}.Debug|Any CPU.Build.0 = Debug|Any CPU
		{966B65D7-3D59-4A7E-A51B-8A645070951B}.Debug|x86.ActiveCfg = Debug|x86
		{966B65D7-3D59-4A7E-A51B-8A645070951B}.Debug|x86.Build.0 = Debug|x86
		{966B65D7-3D59-4A7E-A51B-8A645070951B}.Release(CSI_2008R2)|Any CPU.ActiveCfg = Release(CSI_2008R2)|Any CPU
		{966B65D7-3D59-4A7E-A51B-8A645070951B}.Release(CSI_2008R2)|Any CPU.Build.0 = Release(CSI_2008R2)|Any CPU
		{966B65D7-3D59-4A7E-A51B-8A645070951B}.Release(CSI_2008R2)|x86.ActiveCfg = Release(CSI_2008R2)|x86
		{966B65D7-3D59-4A7E-A51B-8A645070951B}.Release(CSI_2008R2)|x86.Build.0 = Release(CSI_2008R2)|x86
		{966B65D7-3D59-4A7E-A51B-8A645070951B}.Release|Any CPU.ActiveCfg = Release|Any CPU
		{966B65D7-3D59-4A7E-A51B-8A645070951B}.Release|Any CPU.Build.0 = Release|Any CPU
		{966B65D7-3D59-4A7E-A51B-8A645070951B}.Release|x86.ActiveCfg = Release|x86
		{966B65D7-3D59-4A7E-A51B-8A645070951B}.Release|x86.Build.0 = Release|x86
		{1E477C98-21DD-47E9-B96B-7DC66E1F0093}.Debug|Any CPU.ActiveCfg = Debug
		{1E477C98-21DD-47E9-B96B-7DC66E1F0093}.Debug|Any CPU.Build.0 = Debug
		{1E477C98-21DD-47E9-B96B-7DC66E1F0093}.Debug|x86.ActiveCfg = Debug
		{1E477C98-21DD-47E9-B96B-7DC66E1F0093}.Debug|x86.Build.0 = Debug
		{1E477C98-21DD-47E9-B96B-7DC66E1F0093}.Release(CSI_2008R2)|Any CPU.ActiveCfg = Release
		{1E477C98-21DD-47E9-B96B-7DC66E1F0093}.Release(CSI_2008R2)|Any CPU.Build.0 = Release
		{1E477C98-21DD-47E9-B96B-7DC66E1F0093}.Release(CSI_2008R2)|x86.ActiveCfg = Release
		{1E477C98-21DD-47E9-B96B-7DC66E1F0093}.Release(CSI_2008R2)|x86.Build.0 = Release
		{1E477C98-21DD-47E9-B96B-7DC66E1F0093}.Release|Any CPU.ActiveCfg = Release
		{1E477C98-21DD-47E9-B96B-7DC66E1F0093}.Release|Any CPU.Build.0 = Release
		{1E477C98-21DD-47E9-B96B-7DC66E1F0093}.Release|x86.ActiveCfg = Release
		{1E477C98-21DD-47E9-B96B-7DC66E1F0093}.Release|x86.Build.0 = Release
		{FA37E210-8C94-4D05-B6E3-123456789014}.Debug|Any CPU.ActiveCfg = Debug|x86
		{FA37E210-8C94-4D05-B6E3-123456789014}.Debug|x86.ActiveCfg = Debug|x86
		{FA37E210-8C94-4D05-B6E3-123456789014}.Release(CSI_2008R2)|Any CPU.ActiveCfg = Release|x86
		{FA37E210-8C94-4D05-B6E3-123456789014}.Release(CSI_2008R2)|x86.ActiveCfg = Release|x86
		{FA37E210-8C94-4D05-B6E3-123456789014}.Release|Any CPU.ActiveCfg = Release|x86
		{FA37E210-8C94-4D05-B6E3-123456789014}.Release|x86.ActiveCfg = Release|x86
	EndGlobalSection
	GlobalSection(SolutionProperties) = preSolution
		HideSolutionNode = FALSE
	EndGlobalSection
	GlobalSection(ExtensibilityGlobals) = postSolution
		SolutionGuid = {4793B8F6-D547-437B-9176-40EB101FDD2A}
	EndGlobalSection
	GlobalSection(TestCaseManagementSettings) = postSolution
		CategoryFile = ComServer4.vsmdi
	EndGlobalSection
	GlobalSection(SubversionScc) = preSolution
		Svn-Managed = True
		Manager = AnkhSVN - Subversion Support for Visual Studio
	EndGlobalSection
EndGlobal
